
Microsoft Visual Studio Solution File, Format Version 12.00
# Visual Studio Version 17
VisualStudioVersion = 17.4.33403.182
MinimumVisualStudioVersion = 10.0.40219.1
Project("{9A19103F-16F7-4668-BE54-9A1E7A4F7556}") = "Klug_API", "Klug_API.csproj", "{F446F22B-FDFD-4D3B-8D0F-E0ABD9DB260C}"
EndProject
Global
	GlobalSection(SolutionConfigurationPlatforms) = preSolution
		Debug|Any CPU = Debug|Any CPU
		Release|Any CPU = Release|Any CPU
	EndGlobalSection
	GlobalSection(ProjectConfigurationPlatforms) = postSolution
		{F446F22B-FDFD-4D3B-8D0F-E0ABD9DB260C}.Debug|Any CPU.ActiveCfg = Debug|Any CPU
		{F446F22B-FDFD-4D3B-8D0F-E0ABD9DB260C}.Debug|Any CPU.Build.0 = Debug|Any CPU
		{F446F22B-FDFD-4D3B-8D0F-E0ABD9DB260C}.Release|Any CPU.ActiveCfg = Release|Any CPU
		{F446F22B-FDFD-4D3B-8D0F-E0ABD9DB260C}.Release|Any CPU.Build.0 = Release|Any CPU
	EndGlobalSection
	GlobalSection(SolutionProperties) = preSolution
		HideSolutionNode = FALSE
	EndGlobalSection
	GlobalSection(ExtensibilityGlobals) = postSolution
		SolutionGuid = {D45490F7-BC1F-4777-8327-BB758CCC8D45}
	EndGlobalSection
EndGlobal
